# THIS IS AN AUTOGENERATED FILE. DO NOT EDIT THIS FILE DIRECTLY.
# yarn lockfile v1


"@serialport/binding-abstract@^2.0.5":
  version "2.0.5"
  resolved "https://registry.yarnpkg.com/@serialport/binding-abstract/-/binding-abstract-2.0.5.tgz#e13305467c12effcd32c19c8b686a3f629e55cb3"
  dependencies:
    debug "^4.1.1"

"@serialport/binding-mock@^2.0.5":
  version "2.0.5"
  resolved "https://registry.yarnpkg.com/@serialport/binding-mock/-/binding-mock-2.0.5.tgz#328bc73189843623531743133d95aa29c2a25a1d"
  dependencies:
    "@serialport/binding-abstract" "^2.0.5"
    debug "^4.1.1"

"@serialport/bindings@^2.0.8":
  version "2.0.8"
  resolved "https://registry.yarnpkg.com/@serialport/bindings/-/bindings-2.0.8.tgz#30344814cc284c5ed4f76af644c9cdbd1b240e59"
  dependencies:
    "@serialport/binding-abstract" "^2.0.5"
    "@serialport/parser-readline" "^2.0.2"
    bindings "^1.3.0"
    debug "^4.1.1"
    nan "^2.13.2"
    prebuild-install "^5.2.1"

"@serialport/parser-byte-length@^2.0.2":
  version "2.0.2"
  resolved "https://registry.yarnpkg.com/@serialport/parser-byte-length/-/parser-byte-length-2.0.2.tgz#88619132b5aaa6a39828abe6ac4f921cdd5f6b01"

"@serialport/parser-cctalk@^2.0.2":
  version "2.0.2"
  resolved "https://registry.yarnpkg.com/@serialport/parser-cctalk/-/parser-cctalk-2.0.2.tgz#7a2713f415c6286c3d78cddab4757cd0b39ef026"

"@serialport/parser-delimiter@^2.0.2":
  version "2.0.2"
  resolved "https://registry.yarnpkg.com/@serialport/parser-delimiter/-/parser-delimiter-2.0.2.tgz#2765b37c8227c22e1e48f51f8c84cdeb2c650988"

"@serialport/parser-readline@^2.0.2":
  version "2.0.2"
  resolved "https://registry.yarnpkg.com/@serialport/parser-readline/-/parser-readline-2.0.2.tgz#850882a8abd6df50ac538301ae53e374fd510277"
  dependencies:
    "@serialport/parser-delimiter" "^2.0.2"

"@serialport/parser-ready@^2.0.2":
  version "2.0.2"
  resolved "https://registry.yarnpkg.com/@serialport/parser-ready/-/parser-ready-2.0.2.tgz#de5e4a613afc7ba6d11533c111f756e51f6e8080"

"@serialport/parser-regex@^2.0.2":
  version "2.0.2"
  resolved "https://registry.yarnpkg.com/@serialport/parser-regex/-/parser-regex-2.0.2.tgz#fde13ca38770ea53a77e8f0c53b2c46b2cef805a"

"@serialport/stream@^2.0.5":
  version "2.0.5"
  resolved "https://registry.yarnpkg.com/@serialport/stream/-/stream-2.0.5.tgz#1a39be184e23de1abe229df00469944ac45118c3"
  dependencies:
    "@serialport/binding-mock" "^2.0.5"
    debug "^4.1.1"

"@types/pako@^1.0.1":
  version "1.0.1"
  resolved "https://registry.yarnpkg.com/@types/pako/-/pako-1.0.1.tgz#33b237f3c9aff44d0f82fe63acffa4a365ef4a61"

"@types/utf8@^2.1.6":
  version "2.1.6"
  resolved "https://registry.yarnpkg.com/@types/utf8/-/utf8-2.1.6.tgz#430cabb71a42d0a3613cce5621324fe4f5a25753"

ajv@^6.5.5:
  version "6.10.2"
  resolved "https://registry.yarnpkg.com/ajv/-/ajv-6.10.2.tgz#d3cea04d6b017b2894ad69040fec8b623eb4bd52"
  dependencies:
    fast-deep-equal "^2.0.1"
    fast-json-stable-stringify "^2.0.0"
    json-schema-traverse "^0.4.1"
    uri-js "^4.2.2"

ansi-regex@^2.0.0:
  version "2.1.1"
  resolved "https://registry.yarnpkg.com/ansi-regex/-/ansi-regex-2.1.1.tgz#c3b33ab5ee360d86e0e628f0468ae7ef27d654df"

ansi-regex@^3.0.0:
  version "3.0.0"
  resolved "https://registry.yarnpkg.com/ansi-regex/-/ansi-regex-3.0.0.tgz#ed0317c322064f79466c02966bddb605ab37d998"

aproba@^1.0.3:
  version "1.2.0"
  resolved "https://registry.yarnpkg.com/aproba/-/aproba-1.2.0.tgz#6802e6264efd18c790a1b0d517f0f2627bf2c94a"

are-we-there-yet@~1.1.2:
  version "1.1.5"
  resolved "https://registry.yarnpkg.com/are-we-there-yet/-/are-we-there-yet-1.1.5.tgz#4b35c2944f062a8bfcda66410760350fe9ddfc21"
  dependencies:
    delegates "^1.0.0"
    readable-stream "^2.0.6"

asn1@~0.2.3:
  version "0.2.4"
  resolved "https://registry.yarnpkg.com/asn1/-/asn1-0.2.4.tgz#8d2475dfab553bb33e77b54e59e880bb8ce23136"
  dependencies:
    safer-buffer "~2.1.0"

assert-plus@1.0.0, assert-plus@^1.0.0:
  version "1.0.0"
  resolved "https://registry.yarnpkg.com/assert-plus/-/assert-plus-1.0.0.tgz#f12e0f3c5d77b0b1cdd9146942e4e96c1e4dd525"

asynckit@^0.4.0:
  version "0.4.0"
  resolved "https://registry.yarnpkg.com/asynckit/-/asynckit-0.4.0.tgz#c79ed97f7f34cb8f2ba1bc9790bcc366474b4b79"

aws-sign2@~0.7.0:
  version "0.7.0"
  resolved "https://registry.yarnpkg.com/aws-sign2/-/aws-sign2-0.7.0.tgz#b46e890934a9591f2d2f6f86d7e6a9f1b3fe76a8"

aws4@^1.8.0:
  version "1.8.0"
  resolved "https://registry.yarnpkg.com/aws4/-/aws4-1.8.0.tgz#f0e003d9ca9e7f59c7a508945d7b2ef9a04a542f"

base64-js@0.0.8:
  version "0.0.8"
  resolved "https://registry.yarnpkg.com/base64-js/-/base64-js-0.0.8.tgz#1101e9544f4a76b1bc3b26d452ca96d7a35e7978"

base64-js@^1.0.2:
  version "1.3.1"
  resolved "https://registry.yarnpkg.com/base64-js/-/base64-js-1.3.1.tgz#58ece8cb75dd07e71ed08c736abc5fac4dbf8df1"

bcrypt-pbkdf@^1.0.0:
  version "1.0.2"
  resolved "https://registry.yarnpkg.com/bcrypt-pbkdf/-/bcrypt-pbkdf-1.0.2.tgz#a4301d389b6a43f9b67ff3ca11a3f6637e360e9e"
  dependencies:
    tweetnacl "^0.14.3"

bindings@1.2.x:
  version "1.2.1"
  resolved "https://registry.yarnpkg.com/bindings/-/bindings-1.2.1.tgz#14ad6113812d2d37d72e67b4cacb4bb726505f11"

bindings@^1.3.0, bindings@^1.4.0:
  version "1.5.0"
  resolved "https://registry.yarnpkg.com/bindings/-/bindings-1.5.0.tgz#10353c9e945334bc0511a6d90b38fbc7c9c504df"
  dependencies:
    file-uri-to-path "1.0.0"

bl@^1.0.0:
  version "1.2.2"
  resolved "https://registry.yarnpkg.com/bl/-/bl-1.2.2.tgz#a160911717103c07410cef63ef51b397c025af9c"
  dependencies:
    readable-stream "^2.3.5"
    safe-buffer "^5.1.1"

blob-util@^2.0.2:
  version "2.0.2"
  resolved "https://registry.yarnpkg.com/blob-util/-/blob-util-2.0.2.tgz#3b4e3c281111bb7f11128518006cdc60b403a1eb"

buffer-alloc-unsafe@^1.1.0:
  version "1.1.0"
  resolved "https://registry.yarnpkg.com/buffer-alloc-unsafe/-/buffer-alloc-unsafe-1.1.0.tgz#bd7dc26ae2972d0eda253be061dba992349c19f0"

buffer-alloc@^1.2.0:
  version "1.2.0"
  resolved "https://registry.yarnpkg.com/buffer-alloc/-/buffer-alloc-1.2.0.tgz#890dd90d923a873e08e10e5fd51a57e5b7cce0ec"
  dependencies:
    buffer-alloc-unsafe "^1.1.0"
    buffer-fill "^1.0.0"

buffer-fill@^1.0.0:
  version "1.0.0"
  resolved "https://registry.yarnpkg.com/buffer-fill/-/buffer-fill-1.0.0.tgz#f8f78b76789888ef39f205cd637f68e702122b2c"

buffer@^5.0.0:
  version "5.4.0"
  resolved "https://registry.yarnpkg.com/buffer/-/buffer-5.4.0.tgz#33294f5c1f26e08461e528b69fa06de3c45cbd8c"
  dependencies:
    base64-js "^1.0.2"
    ieee754 "^1.1.4"

canny-edge-detector@^1.0.0:
  version "1.0.0"
  resolved "https://registry.yarnpkg.com/canny-edge-detector/-/canny-edge-detector-1.0.0.tgz#41f4cc3e09c0802a5269a05e7bff3dbf09169c97"

caseless@~0.12.0:
  version "0.12.0"
  resolved "https://registry.yarnpkg.com/caseless/-/caseless-0.12.0.tgz#1b681c21ff84033c826543090689420d187151dc"

chownr@^1.0.1:
  version "1.1.2"
  resolved "https://registry.yarnpkg.com/chownr/-/chownr-1.1.2.tgz#a18f1e0b269c8a6a5d3c86eb298beb14c3dd7bf6"

code-point-at@^1.0.0:
  version "1.1.0"
  resolved "https://registry.yarnpkg.com/code-point-at/-/code-point-at-1.1.0.tgz#0d070b4d043a5bea33a2f1a40e2edb3d9a4ccf77"

color-functions@^3.0.0:
  version "3.0.1"
  resolved "https://registry.yarnpkg.com/color-functions/-/color-functions-3.0.1.tgz#a207e2d4a0975dccc72fcd37cce12d2d4bf8b674"

combined-stream@^1.0.6, combined-stream@~1.0.6:
  version "1.0.8"
  resolved "https://registry.yarnpkg.com/combined-stream/-/combined-stream-1.0.8.tgz#c3d45a8b34fd730631a110a8a2520682b31d5a7f"
  dependencies:
    delayed-stream "~1.0.0"

console-control-strings@^1.0.0, console-control-strings@~1.1.0:
  version "1.1.0"
  resolved "https://registry.yarnpkg.com/console-control-strings/-/console-control-strings-1.1.0.tgz#3d7cf4464db6446ea644bf4b39507f9851008e8e"

core-util-is@1.0.2, core-util-is@~1.0.0:
  version "1.0.2"
  resolved "https://registry.yarnpkg.com/core-util-is/-/core-util-is-1.0.2.tgz#b5fd54220aa2bc5ab57aab7140c940754503c1a7"

cwise-compiler@^1.1.2:
  version "1.1.3"
  resolved "https://registry.yarnpkg.com/cwise-compiler/-/cwise-compiler-1.1.3.tgz#f4d667410e850d3a313a7d2db7b1e505bb034cc5"
  dependencies:
    uniq "^1.0.0"

dashdash@^1.12.0:
  version "1.14.1"
  resolved "https://registry.yarnpkg.com/dashdash/-/dashdash-1.14.1.tgz#853cfa0f7cbe2fed5de20326b8dd581035f6e2f0"
  dependencies:
    assert-plus "^1.0.0"

data-uri-to-buffer@0.0.3:
  version "0.0.3"
  resolved "https://registry.yarnpkg.com/data-uri-to-buffer/-/data-uri-to-buffer-0.0.3.tgz#18ae979a6a0ca994b0625853916d2662bbae0b1a"

debug@^4.1.1:
  version "4.1.1"
  resolved "https://registry.yarnpkg.com/debug/-/debug-4.1.1.tgz#3b72260255109c6b589cee050f1d516139664791"
  dependencies:
    ms "^2.1.1"

decompress-response@^3.3.0:
  version "3.3.0"
  resolved "https://registry.yarnpkg.com/decompress-response/-/decompress-response-3.3.0.tgz#80a4dd323748384bfa248083622aedec982adff3"
  dependencies:
    mimic-response "^1.0.0"

deep-extend@^0.6.0:
  version "0.6.0"
  resolved "https://registry.yarnpkg.com/deep-extend/-/deep-extend-0.6.0.tgz#c4fa7c95404a17a9c3e8ca7e1537312b736330ac"

delayed-stream@~1.0.0:
  version "1.0.0"
  resolved "https://registry.yarnpkg.com/delayed-stream/-/delayed-stream-1.0.0.tgz#df3ae199acadfb7d440aaae0b29e2272b24ec619"

delegates@^1.0.0:
  version "1.0.0"
  resolved "https://registry.yarnpkg.com/delegates/-/delegates-1.0.0.tgz#84c6e159b81904fdca59a0ef44cd870d31250f9a"

detect-libc@^1.0.3:
  version "1.0.3"
  resolved "https://registry.yarnpkg.com/detect-libc/-/detect-libc-1.0.3.tgz#fa137c4bd698edf55cd5cd02ac559f91a4c4ba9b"

ecc-jsbn@~0.1.1:
  version "0.1.2"
  resolved "https://registry.yarnpkg.com/ecc-jsbn/-/ecc-jsbn-0.1.2.tgz#3a83a904e54353287874c564b7549386849a98c9"
  dependencies:
    jsbn "~0.1.0"
    safer-buffer "^2.1.0"

end-of-stream@^1.0.0, end-of-stream@^1.1.0:
  version "1.4.1"
  resolved "https://registry.yarnpkg.com/end-of-stream/-/end-of-stream-1.4.1.tgz#ed29634d19baba463b6ce6b80a37213eab71ec43"
  dependencies:
    once "^1.4.0"

escpos@^2.5.2:
  version "2.5.2"
  resolved "https://registry.yarnpkg.com/escpos/-/escpos-2.5.2.tgz#6cd90282782f7a8751f8f62f0d12d1f1a79222a1"
  dependencies:
    iconv-lite "*"
    mutable-buffer "^2.0.3"
  optionalDependencies:
    get-pixels "*"
    node-bluetooth "*"
    qr-image "*"
    serialport "*"
    usb "*"

events@^1.0.2:
  version "1.1.1"
  resolved "https://registry.yarnpkg.com/events/-/events-1.1.1.tgz#9ebdb7635ad099c70dcc4c2a1f5004288e8bd924"

expand-template@^2.0.3:
  version "2.0.3"
  resolved "https://registry.yarnpkg.com/expand-template/-/expand-template-2.0.3.tgz#6e14b3fcee0f3a6340ecb57d2e8918692052a47c"

extend@~3.0.2:
  version "3.0.2"
  resolved "https://registry.yarnpkg.com/extend/-/extend-3.0.2.tgz#f8b1136b4071fbd8eb140aff858b1019ec2915fa"

extsprintf@1.3.0:
  version "1.3.0"
  resolved "https://registry.yarnpkg.com/extsprintf/-/extsprintf-1.3.0.tgz#96918440e3041a7a414f8c52e3c574eb3c3e1e05"

extsprintf@^1.2.0:
  version "1.4.0"
  resolved "https://registry.yarnpkg.com/extsprintf/-/extsprintf-1.4.0.tgz#e2689f8f356fad62cca65a3a91c5df5f9551692f"

fast-bmp@^1.0.0:
  version "1.0.0"
  resolved "https://registry.yarnpkg.com/fast-bmp/-/fast-bmp-1.0.0.tgz#7de95f42c290484090ae2c70ab25440673acca37"
  dependencies:
    iobuffer "^3.1.0"

fast-deep-equal@^2.0.1:
  version "2.0.1"
  resolved "https://registry.yarnpkg.com/fast-deep-equal/-/fast-deep-equal-2.0.1.tgz#7b05218ddf9667bf7f370bf7fdb2cb15fdd0aa49"

fast-jpeg@^1.0.1:
  version "1.0.1"
  resolved "https://registry.yarnpkg.com/fast-jpeg/-/fast-jpeg-1.0.1.tgz#bd545ec6cd82430ca5ded4bd30bbd061fafecf8b"
  dependencies:
    iobuffer "^2.1.0"
    tiff "^2.0.0"

fast-json-stable-stringify@^2.0.0:
  version "2.0.0"
  resolved "https://registry.yarnpkg.com/fast-json-stable-stringify/-/fast-json-stable-stringify-2.0.0.tgz#d5142c0caee6b1189f87d3a76111064f86c8bbf2"

fast-list@^1.0.3:
  version "1.0.3"
  resolved "https://registry.yarnpkg.com/fast-list/-/fast-list-1.0.3.tgz#f5d5754a7c1cbf682a15961ef9a063897571eaa1"

fast-png@^3.1.0:
  version "3.1.3"
  resolved "https://registry.yarnpkg.com/fast-png/-/fast-png-3.1.3.tgz#b863cb248ffc4434cff63c9b77a8b765d863b5b0"
  dependencies:
    "@types/pako" "^1.0.1"
    iobuffer "^4.0.1"
    pako "^1.0.10"

fft.js@^4.0.3:
  version "4.0.3"
  resolved "https://registry.yarnpkg.com/fft.js/-/fft.js-4.0.3.tgz#b0084efa94188febdd1cffe68691f4c85a0fb8cb"

file-type@^10.10.0:
  version "10.11.0"
  resolved "https://registry.yarnpkg.com/file-type/-/file-type-10.11.0.tgz#2961d09e4675b9fb9a3ee6b69e9cd23f43fd1890"

file-uri-to-path@1.0.0:
  version "1.0.0"
  resolved "https://registry.yarnpkg.com/file-uri-to-path/-/file-uri-to-path-1.0.0.tgz#553a7b8446ff6f684359c445f1e37a05dacc33dd"

forever-agent@~0.6.1:
  version "0.6.1"
  resolved "https://registry.yarnpkg.com/forever-agent/-/forever-agent-0.6.1.tgz#fbc71f0c41adeb37f96c577ad1ed42d8fdacca91"

form-data@~2.3.2:
  version "2.3.3"
  resolved "https://registry.yarnpkg.com/form-data/-/form-data-2.3.3.tgz#dcce52c05f644f298c6a7ab936bd724ceffbf3a6"
  dependencies:
    asynckit "^0.4.0"
    combined-stream "^1.0.6"
    mime-types "^2.1.12"

fs-constants@^1.0.0:
  version "1.0.0"
  resolved "https://registry.yarnpkg.com/fs-constants/-/fs-constants-1.0.0.tgz#6be0de9be998ce16af8afc24497b9ee9b7ccd9ad"

gauge@~2.7.3:
  version "2.7.4"
  resolved "https://registry.yarnpkg.com/gauge/-/gauge-2.7.4.tgz#2c03405c7538c39d7eb37b317022e325fb018bf7"
  dependencies:
    aproba "^1.0.3"
    console-control-strings "^1.0.0"
    has-unicode "^2.0.0"
    object-assign "^4.1.0"
    signal-exit "^3.0.0"
    string-width "^1.0.1"
    strip-ansi "^3.0.1"
    wide-align "^1.1.0"

get-pixels@*, get-pixels@^3.3.2:
  version "3.3.2"
  resolved "https://registry.yarnpkg.com/get-pixels/-/get-pixels-3.3.2.tgz#3f62fb8811932c69f262bba07cba72b692b4ff03"
  dependencies:
    data-uri-to-buffer "0.0.3"
    jpeg-js "^0.3.2"
    mime-types "^2.0.1"
    ndarray "^1.0.13"
    ndarray-pack "^1.1.1"
    node-bitmap "0.0.1"
    omggif "^1.0.5"
    parse-data-uri "^0.2.0"
    pngjs "^3.3.3"
    request "^2.44.0"
    through "^2.3.4"

getpass@^0.1.1:
  version "0.1.7"
  resolved "https://registry.yarnpkg.com/getpass/-/getpass-0.1.7.tgz#5eff8e3e684d569ae4cb2b1282604e8ba62149fa"
  dependencies:
    assert-plus "^1.0.0"

github-from-package@0.0.0:
  version "0.0.0"
  resolved "https://registry.yarnpkg.com/github-from-package/-/github-from-package-0.0.0.tgz#97fb5d96bfde8973313f20e8288ef9a167fa64ce"

har-schema@^2.0.0:
  version "2.0.0"
  resolved "https://registry.yarnpkg.com/har-schema/-/har-schema-2.0.0.tgz#a94c2224ebcac04782a0d9035521f24735b7ec92"

har-validator@~5.1.0:
  version "5.1.3"
  resolved "https://registry.yarnpkg.com/har-validator/-/har-validator-5.1.3.tgz#1ef89ebd3e4996557675eed9893110dc350fa080"
  dependencies:
    ajv "^6.5.5"
    har-schema "^2.0.0"

has-own@^1.0.0:
  version "1.0.0"
  resolved "https://registry.yarnpkg.com/has-own/-/has-own-1.0.0.tgz#3062246e31cfd887a9a61ee6d38ca57289378cd1"

has-unicode@^2.0.0:
  version "2.0.1"
  resolved "https://registry.yarnpkg.com/has-unicode/-/has-unicode-2.0.1.tgz#e0e6fe6a28cf51138855e086d1691e771de2a8b9"

http-signature@~1.2.0:
  version "1.2.0"
  resolved "https://registry.yarnpkg.com/http-signature/-/http-signature-1.2.0.tgz#9aecd925114772f3d95b65a60abb8f7c18fbace1"
  dependencies:
    assert-plus "^1.0.0"
    jsprim "^1.2.2"
    sshpk "^1.7.0"

iconv-lite@*, iconv-lite@^0.5.0:
  version "0.5.0"
  resolved "https://registry.yarnpkg.com/iconv-lite/-/iconv-lite-0.5.0.tgz#59cdde0a2a297cc2aeb0c6445a195ee89f127550"
  dependencies:
    safer-buffer ">= 2.1.2 < 3"

ieee754@^1.1.4:
  version "1.1.13"
  resolved "https://registry.yarnpkg.com/ieee754/-/ieee754-1.1.13.tgz#ec168558e95aa181fd87d37f55c32bbcb6708b84"

image-js@^0.21.7:
  version "0.21.7"
  resolved "https://registry.yarnpkg.com/image-js/-/image-js-0.21.7.tgz#1f0042409359986b50d67d0a6f5a7e52eb8cf4ed"
  dependencies:
    blob-util "^2.0.2"
    canny-edge-detector "^1.0.0"
    color-functions "^3.0.0"
    fast-bmp "^1.0.0"
    fast-jpeg "^1.0.1"
    fast-list "^1.0.3"
    fast-png "^3.1.0"
    has-own "^1.0.0"
    image-type "^4.0.0"
    is-array-type "^1.0.0"
    is-integer "^1.0.7"
    jpeg-js "^0.3.4"
    js-priority-queue "^0.1.5"
    ml-convolution "^0.2.0"
    ml-disjoint-set "^1.0.0"
    ml-matrix "^5.2.1"
    ml-matrix-convolution "0.4.3"
    ml-regression "^4.4.2"
    monotone-chain-convex-hull "^1.0.0"
    new-array "^1.0.0"
    num-sort "^1.0.0"
    robust-point-in-polygon "^1.0.3"
    tiff "^3.0.1"
    web-worker-manager "^0.2.0"

image-type@^4.0.0:
  version "4.1.0"
  resolved "https://registry.yarnpkg.com/image-type/-/image-type-4.1.0.tgz#72a88d64ff5021371ed67b9a466442100be57cd1"
  dependencies:
    file-type "^10.10.0"

inherits@2.0.3:
  version "2.0.3"
  resolved "https://registry.yarnpkg.com/inherits/-/inherits-2.0.3.tgz#633c2c83e3da42a502f52466022480f4208261de"

inherits@~2.0.3:
  version "2.0.4"
  resolved "https://registry.yarnpkg.com/inherits/-/inherits-2.0.4.tgz#0fa2c64f932917c3433a0ded55363aae37416b7c"

ini@~1.3.0:
  version "1.3.5"
  resolved "https://registry.yarnpkg.com/ini/-/ini-1.3.5.tgz#eee25f56db1c9ec6085e0c22778083f596abf927"

iobuffer@^2.1.0:
  version "2.1.0"
  resolved "https://registry.yarnpkg.com/iobuffer/-/iobuffer-2.1.0.tgz#074882d24020a85db6a5042a0418ef9b6b2e616a"

iobuffer@^3.1.0:
  version "3.2.0"
  resolved "https://registry.yarnpkg.com/iobuffer/-/iobuffer-3.2.0.tgz#9234f4d2cb1042818704f07d1f5c833f41327e26"
  dependencies:
    utf8 "^2.1.2"

iobuffer@^4.0.0, iobuffer@^4.0.1:
  version "4.0.1"
  resolved "https://registry.yarnpkg.com/iobuffer/-/iobuffer-4.0.1.tgz#28ddfbfda2958aa00c6be9fa08ace07dd6d5d775"
  dependencies:
    "@types/utf8" "^2.1.6"
    utf8 "^3.0.0"

iota-array@^1.0.0:
  version "1.0.0"
  resolved "https://registry.yarnpkg.com/iota-array/-/iota-array-1.0.0.tgz#81ef57fe5d05814cd58c2483632a99c30a0e8087"

ip-regex@^1.0.3:
  version "1.0.3"
  resolved "https://registry.yarnpkg.com/ip-regex/-/ip-regex-1.0.3.tgz#dc589076f659f419c222039a33316f1c7387effd"

is-any-array@^0.0.3:
  version "0.0.3"
  resolved "https://registry.yarnpkg.com/is-any-array/-/is-any-array-0.0.3.tgz#cbdd8c7189d47b53b050969245f4ef7e55550b9b"

is-array-type@^1.0.0:
  version "1.0.0"
  resolved "https://registry.yarnpkg.com/is-array-type/-/is-array-type-1.0.0.tgz#0bd8a263430319c8fa32fa7af260140f4762b506"

is-buffer@^1.0.2:
  version "1.1.6"
  resolved "https://registry.yarnpkg.com/is-buffer/-/is-buffer-1.1.6.tgz#efaa2ea9daa0d7ab2ea13a97b2b8ad51fefbe8be"

is-finite@^1.0.0:
  version "1.0.2"
  resolved "https://registry.yarnpkg.com/is-finite/-/is-finite-1.0.2.tgz#cc6677695602be550ef11e8b4aa6305342b6d0aa"
  dependencies:
    number-is-nan "^1.0.0"

is-fullwidth-code-point@^1.0.0:
  version "1.0.0"
  resolved "https://registry.yarnpkg.com/is-fullwidth-code-point/-/is-fullwidth-code-point-1.0.0.tgz#ef9e31386f031a7f0d643af82fde50c457ef00cb"
  dependencies:
    number-is-nan "^1.0.0"

is-fullwidth-code-point@^2.0.0:
  version "2.0.0"
  resolved "https://registry.yarnpkg.com/is-fullwidth-code-point/-/is-fullwidth-code-point-2.0.0.tgz#a3b30a5c4f199183167aaab93beefae3ddfb654f"

is-integer@^1.0.6, is-integer@^1.0.7:
  version "1.0.7"
  resolved "https://registry.yarnpkg.com/is-integer/-/is-integer-1.0.7.tgz#6bde81aacddf78b659b6629d629cadc51a886d5c"
  dependencies:
    is-finite "^1.0.0"

is-typedarray@~1.0.0:
  version "1.0.0"
  resolved "https://registry.yarnpkg.com/is-typedarray/-/is-typedarray-1.0.0.tgz#e479c80858df0c1b11ddda6940f96011fcda4a9a"

isarray@~1.0.0:
  version "1.0.0"
  resolved "https://registry.yarnpkg.com/isarray/-/isarray-1.0.0.tgz#bb935d48582cba168c06834957a54a3e07124f11"

isstream@~0.1.2:
  version "0.1.2"
  resolved "https://registry.yarnpkg.com/isstream/-/isstream-0.1.2.tgz#47e63f7af55afa6f92e1500e690eb8b8529c099a"

jpeg-js@^0.3.2, jpeg-js@^0.3.4:
  version "0.3.6"
  resolved "https://registry.yarnpkg.com/jpeg-js/-/jpeg-js-0.3.6.tgz#c40382aac9506e7d1f2d856eb02f6c7b2a98b37c"

js-priority-queue@^0.1.5:
  version "0.1.5"
  resolved "https://registry.yarnpkg.com/js-priority-queue/-/js-priority-queue-0.1.5.tgz#f71e9b2120c91e8a1ddab3b7d347dac01d81e837"

jsbn@~0.1.0:
  version "0.1.1"
  resolved "https://registry.yarnpkg.com/jsbn/-/jsbn-0.1.1.tgz#a5e654c2e5a2deb5f201d96cefbca80c0ef2f513"

json-schema-traverse@^0.4.1:
  version "0.4.1"
  resolved "https://registry.yarnpkg.com/json-schema-traverse/-/json-schema-traverse-0.4.1.tgz#69f6a87d9513ab8bb8fe63bdb0979c448e684660"

json-schema@0.2.3:
  version "0.2.3"
  resolved "https://registry.yarnpkg.com/json-schema/-/json-schema-0.2.3.tgz#b480c892e59a2f05954ce727bd3f2a4e882f9e13"

json-stringify-safe@~5.0.1:
  version "5.0.1"
  resolved "https://registry.yarnpkg.com/json-stringify-safe/-/json-stringify-safe-5.0.1.tgz#1296a2d58fd45f19a0f6ce01d65701e2c735b6eb"

jsprim@^1.2.2:
  version "1.4.1"
  resolved "https://registry.yarnpkg.com/jsprim/-/jsprim-1.4.1.tgz#313e66bc1e5cc06e438bc1b7499c2e5c56acb6a2"
  dependencies:
    assert-plus "1.0.0"
    extsprintf "1.3.0"
    json-schema "0.2.3"
    verror "1.10.0"

lodash@4.17.11:
  version "4.17.11"
  resolved "https://registry.yarnpkg.com/lodash/-/lodash-4.17.11.tgz#b39ea6229ef607ecd89e2c8df12536891cac9b8d"

mime-db@1.40.0:
  version "1.40.0"
  resolved "https://registry.yarnpkg.com/mime-db/-/mime-db-1.40.0.tgz#a65057e998db090f732a68f6c276d387d4126c32"

mime-types@^2.0.1, mime-types@^2.1.12, mime-types@~2.1.19:
  version "2.1.24"
  resolved "https://registry.yarnpkg.com/mime-types/-/mime-types-2.1.24.tgz#b6f8d0b3e951efb77dedeca194cff6d16f676f81"
  dependencies:
    mime-db "1.40.0"

mimic-response@^1.0.0:
  version "1.0.1"
  resolved "https://registry.yarnpkg.com/mimic-response/-/mimic-response-1.0.1.tgz#4923538878eef42063cb8a3e3b0798781487ab1b"

minimist@0.0.8:
  version "0.0.8"
  resolved "https://registry.yarnpkg.com/minimist/-/minimist-0.0.8.tgz#857fcabfc3397d2625b8228262e86aa7a011b05d"

minimist@^1.2.0:
  version "1.2.0"
  resolved "https://registry.yarnpkg.com/minimist/-/minimist-1.2.0.tgz#a35008b20f41383eec1fb914f4cd5df79a264284"

mkdirp@^0.5.1:
  version "0.5.1"
  resolved "https://registry.yarnpkg.com/mkdirp/-/mkdirp-0.5.1.tgz#30057438eac6cf7f8c4767f38648d6697d75c903"
  dependencies:
    minimist "0.0.8"

ml-array-max@^1.1.1:
  version "1.1.1"
  resolved "https://registry.yarnpkg.com/ml-array-max/-/ml-array-max-1.1.1.tgz#0192a646853a5cd1085133def02c1271101ddd86"
  dependencies:
    is-any-array "^0.0.3"

ml-array-min@^1.1.1:
  version "1.1.1"
  resolved "https://registry.yarnpkg.com/ml-array-min/-/ml-array-min-1.1.1.tgz#52bb6315325cd28e39b412282ef5a44416bd2e11"
  dependencies:
    is-any-array "^0.0.3"

ml-array-rescale@^1.2.1:
  version "1.2.1"
  resolved "https://registry.yarnpkg.com/ml-array-rescale/-/ml-array-rescale-1.2.1.tgz#8fc10ef0472a3bf27602d6089e6f93a2fb7d9fe5"
  dependencies:
    is-any-array "^0.0.3"
    ml-array-max "^1.1.1"
    ml-array-min "^1.1.1"

ml-convolution@^0.2.0:
  version "0.2.0"
  resolved "https://registry.yarnpkg.com/ml-convolution/-/ml-convolution-0.2.0.tgz#374659a6f75c98324ef7d61766c1e6209caff594"
  dependencies:
    fft.js "^4.0.3"
    next-power-of-two "^1.0.0"

ml-disjoint-set@^1.0.0:
  version "1.0.0"
  resolved "https://registry.yarnpkg.com/ml-disjoint-set/-/ml-disjoint-set-1.0.0.tgz#6cd8e583eef5a02585348b98d0df21fd83ef6082"

ml-distance-euclidean@^1.0.0:
  version "1.0.0"
  resolved "https://registry.yarnpkg.com/ml-distance-euclidean/-/ml-distance-euclidean-1.0.0.tgz#08447c2233641a2b2a9b4c29e5f792d28f1d5b95"

ml-distance-euclidean@^2.0.0:
  version "2.0.0"
  resolved "https://registry.yarnpkg.com/ml-distance-euclidean/-/ml-distance-euclidean-2.0.0.tgz#3a668d236649d1b8fec96380b9435c6f42c9a817"

ml-fft@1.3.5:
  version "1.3.5"
  resolved "https://registry.yarnpkg.com/ml-fft/-/ml-fft-1.3.5.tgz#effc1f3c5d0b803a0b39738feb3dacd27c145010"

ml-kernel-gaussian@^2.0.1:
  version "2.0.2"
  resolved "https://registry.yarnpkg.com/ml-kernel-gaussian/-/ml-kernel-gaussian-2.0.2.tgz#2d1a1130d3205e551e7d1dbe642b8f150076e6c0"
  dependencies:
    ml-distance-euclidean "^2.0.0"

ml-kernel-polynomial@^2.0.0:
  version "2.0.1"
  resolved "https://registry.yarnpkg.com/ml-kernel-polynomial/-/ml-kernel-polynomial-2.0.1.tgz#ae99e26892f5763185e2334bad862adc5733c599"

ml-kernel-sigmoid@^1.0.0:
  version "1.0.1"
  resolved "https://registry.yarnpkg.com/ml-kernel-sigmoid/-/ml-kernel-sigmoid-1.0.1.tgz#3eb4419a97d68d299dd6faffa8dca0fb91dd3300"

ml-kernel@^2.0.0:
  version "2.3.4"
  resolved "https://registry.yarnpkg.com/ml-kernel/-/ml-kernel-2.3.4.tgz#7f6cdd5a3a9b1b6ee3c34bfd15c181664a0661dd"
  dependencies:
    ml-distance-euclidean "^1.0.0"
    ml-kernel-gaussian "^2.0.1"
    ml-kernel-polynomial "^2.0.0"
    ml-kernel-sigmoid "^1.0.0"
    ml-matrix "^5.0.0"

ml-matrix-convolution@0.4.3:
  version "0.4.3"
  resolved "https://registry.yarnpkg.com/ml-matrix-convolution/-/ml-matrix-convolution-0.4.3.tgz#cbc75346b8996caf24a9b431bbad47f9ad2a4c11"
  dependencies:
    ml-fft "1.3.5"
    ml-stat "^1.2.0"

ml-matrix@^5.0.0, ml-matrix@^5.0.1, ml-matrix@^5.2.1:
  version "5.3.0"
  resolved "https://registry.yarnpkg.com/ml-matrix/-/ml-matrix-5.3.0.tgz#2154902a3380f6a0874ab9a2539a09e873e8db92"
  dependencies:
    ml-array-max "^1.1.1"
    ml-array-rescale "^1.2.1"

ml-regression-base@^1.0.0, ml-regression-base@^1.1.1, ml-regression-base@^1.2.0:
  version "1.2.1"
  resolved "https://registry.yarnpkg.com/ml-regression-base/-/ml-regression-base-1.2.1.tgz#ce4de3ddb635af2536e8f5bfaa1910ae1f5552ec"

ml-regression-exponential@^1.0.0:
  version "1.0.1"
  resolved "https://registry.yarnpkg.com/ml-regression-exponential/-/ml-regression-exponential-1.0.1.tgz#f5eedba31a3e0bcfbbb92c26c590f9d02970e7d0"
  dependencies:
    ml-regression-base "^1.1.1"
    ml-regression-simple-linear "^1.0.1"

ml-regression-multivariate-linear@^1.0.0:
  version "1.2.0"
  resolved "https://registry.yarnpkg.com/ml-regression-multivariate-linear/-/ml-regression-multivariate-linear-1.2.0.tgz#cfb33ffacd7e153d33b7481ef9f5d094d954689e"
  dependencies:
    ml-matrix "^5.0.1"
    ml-regression-base "^1.2.0"

ml-regression-polynomial@^1.0.0:
  version "1.0.3"
  resolved "https://registry.yarnpkg.com/ml-regression-polynomial/-/ml-regression-polynomial-1.0.3.tgz#bd77838c8b673ddcc6ad6e53959a9a97789b80c5"
  dependencies:
    ml-matrix "^5.0.0"
    ml-regression-base "^1.1.1"

ml-regression-power@^1.0.0:
  version "1.0.1"
  resolved "https://registry.yarnpkg.com/ml-regression-power/-/ml-regression-power-1.0.1.tgz#5b877934e921b51c1203d2760ee5abe82e6a454b"
  dependencies:
    ml-regression-base "^1.2.0"
    ml-regression-simple-linear "^1.0.2"

ml-regression-robust-polynomial@^1.0.0:
  version "1.0.1"
  resolved "https://registry.yarnpkg.com/ml-regression-robust-polynomial/-/ml-regression-robust-polynomial-1.0.1.tgz#870793f61bde021d002e439ebb4064428ed9d888"
  dependencies:
    ml-matrix "^5.0.0"
    ml-regression-base "^1.2.0"

ml-regression-simple-linear@^1.0.0, ml-regression-simple-linear@^1.0.1, ml-regression-simple-linear@^1.0.2:
  version "1.0.2"
  resolved "https://registry.yarnpkg.com/ml-regression-simple-linear/-/ml-regression-simple-linear-1.0.2.tgz#d99fe95be9178c3bf045cc58490b1e62851336af"
  dependencies:
    ml-regression-base "^1.0.0"

ml-regression-theil-sen@^1.0.0:
  version "1.0.0"
  resolved "https://registry.yarnpkg.com/ml-regression-theil-sen/-/ml-regression-theil-sen-1.0.0.tgz#fb33c67ca88cd182c9eee999cecccd7aad5c2bc8"
  dependencies:
    ml-regression-base "^1.2.0"
    ml-stat "^1.3.3"

ml-regression@^4.4.2:
  version "4.4.2"
  resolved "https://registry.yarnpkg.com/ml-regression/-/ml-regression-4.4.2.tgz#d19b376bcc990968cda0d9c3e59f04fd12b91a5f"
  dependencies:
    is-integer "^1.0.6"
    ml-kernel "^2.0.0"
    ml-matrix "^5.0.0"
    ml-regression-base "^1.2.0"
    ml-regression-exponential "^1.0.0"
    ml-regression-multivariate-linear "^1.0.0"
    ml-regression-polynomial "^1.0.0"
    ml-regression-power "^1.0.0"
    ml-regression-robust-polynomial "^1.0.0"
    ml-regression-simple-linear "^1.0.0"
    ml-regression-theil-sen "^1.0.0"
    ml-stat "^1.3.3"

ml-stat@^1.2.0, ml-stat@^1.3.3:
  version "1.3.3"
  resolved "https://registry.yarnpkg.com/ml-stat/-/ml-stat-1.3.3.tgz#8a5493b0f67382fbf705c260e070436655a7dcfa"

monotone-chain-convex-hull@^1.0.0:
  version "1.0.0"
  resolved "https://registry.yarnpkg.com/monotone-chain-convex-hull/-/monotone-chain-convex-hull-1.0.0.tgz#e5e3a39f305d6bc6fe71062fc7072bc56c3a55e0"

ms@^2.1.1:
  version "2.1.2"
  resolved "https://registry.yarnpkg.com/ms/-/ms-2.1.2.tgz#d09d1f357b443f493382a8eb3ccd183872ae6009"

mutable-buffer@^2.0.3:
  version "2.1.1"
  resolved "https://registry.yarnpkg.com/mutable-buffer/-/mutable-buffer-2.1.1.tgz#fcd0567d326a4a8e7d7e0dd8fe0b71c7364ab04c"

nan@2.13.2:
  version "2.13.2"
  resolved "https://registry.yarnpkg.com/nan/-/nan-2.13.2.tgz#f51dc7ae66ba7d5d55e1e6d4d8092e802c9aefe7"

nan@^2.13.2, nan@latest:
  version "2.14.0"
  resolved "https://registry.yarnpkg.com/nan/-/nan-2.14.0.tgz#7818f722027b2459a86f0295d434d1fc2336c52c"

napi-build-utils@^1.0.1:
  version "1.0.1"
  resolved "https://registry.yarnpkg.com/napi-build-utils/-/napi-build-utils-1.0.1.tgz#1381a0f92c39d66bf19852e7873432fc2123e508"

ndarray-pack@^1.1.1:
  version "1.2.1"
  resolved "https://registry.yarnpkg.com/ndarray-pack/-/ndarray-pack-1.2.1.tgz#8caebeaaa24d5ecf70ff86020637977da8ee585a"
  dependencies:
    cwise-compiler "^1.1.2"
    ndarray "^1.0.13"

ndarray@^1.0.13:
  version "1.0.18"
  resolved "https://registry.yarnpkg.com/ndarray/-/ndarray-1.0.18.tgz#b60d3a73224ec555d0faa79711e502448fd3f793"
  dependencies:
    iota-array "^1.0.0"
    is-buffer "^1.0.2"

new-array@^1.0.0:
  version "1.0.0"
  resolved "https://registry.yarnpkg.com/new-array/-/new-array-1.0.0.tgz#5dbc639d961eac7f1a9fbc1a7146ec12f2924fbf"

next-power-of-two@^1.0.0:
  version "1.0.0"
  resolved "https://registry.yarnpkg.com/next-power-of-two/-/next-power-of-two-1.0.0.tgz#cbc1f2f62b586fc501bd3ab2fb9962ac4e4e9359"

node-abi@^2.7.0:
  version "2.11.0"
  resolved "https://registry.yarnpkg.com/node-abi/-/node-abi-2.11.0.tgz#b7dce18815057544a049be5ae75cd1fdc2e9ea59"
  dependencies:
    semver "^5.4.1"

node-base64-image@^1.0.6:
  version "1.0.6"
  resolved "https://registry.yarnpkg.com/node-base64-image/-/node-base64-image-1.0.6.tgz#6b750cdccc6b8ab4308439f2e3173bb69ef8e1e2"
  dependencies:
    lodash "4.17.11"
    polygoat "1.1.4"
    request "2.88.0"

node-bitmap@0.0.1:
  version "0.0.1"
  resolved "https://registry.yarnpkg.com/node-bitmap/-/node-bitmap-0.0.1.tgz#180eac7003e0c707618ef31368f62f84b2a69091"

node-bluetooth@*:
  version "1.2.5"
  resolved "https://registry.yarnpkg.com/node-bluetooth/-/node-bluetooth-1.2.5.tgz#8711a8c5243f10b9ed49b501d80c75dbfd163801"
  dependencies:
    bindings "1.2.x"
    nan latest

noop-logger@^0.1.1:
  version "0.1.1"
  resolved "https://registry.yarnpkg.com/noop-logger/-/noop-logger-0.1.1.tgz#94a2b1633c4f1317553007d8966fd0e841b6a4c2"

npmlog@^4.0.1:
  version "4.1.2"
  resolved "https://registry.yarnpkg.com/npmlog/-/npmlog-4.1.2.tgz#08a7f2a8bf734604779a9efa4ad5cc717abb954b"
  dependencies:
    are-we-there-yet "~1.1.2"
    console-control-strings "~1.1.0"
    gauge "~2.7.3"
    set-blocking "~2.0.0"

num-sort@^1.0.0:
  version "1.0.0"
  resolved "https://registry.yarnpkg.com/num-sort/-/num-sort-1.0.0.tgz#cabec1fd5f4da4aca995af90b7a0f379944e1dbd"
  dependencies:
    number-is-nan "^1.0.0"

number-is-nan@^1.0.0:
  version "1.0.1"
  resolved "https://registry.yarnpkg.com/number-is-nan/-/number-is-nan-1.0.1.tgz#097b602b53422a522c1afb8790318336941a011d"

oauth-sign@~0.9.0:
  version "0.9.0"
  resolved "https://registry.yarnpkg.com/oauth-sign/-/oauth-sign-0.9.0.tgz#47a7b016baa68b5fa0ecf3dee08a85c679ac6455"

object-assign@^4.1.0:
  version "4.1.1"
  resolved "https://registry.yarnpkg.com/object-assign/-/object-assign-4.1.1.tgz#2109adc7965887cfc05cbbd442cac8bfbb360863"

omggif@^1.0.5:
  version "1.0.10"
  resolved "https://registry.yarnpkg.com/omggif/-/omggif-1.0.10.tgz#ddaaf90d4a42f532e9e7cb3a95ecdd47f17c7b19"

once@^1.3.1, once@^1.4.0:
  version "1.4.0"
  resolved "https://registry.yarnpkg.com/once/-/once-1.4.0.tgz#583b1aa775961d4b113ac17d9c50baef9dd76bd1"
  dependencies:
    wrappy "1"

os-homedir@^1.0.1:
  version "1.0.2"
  resolved "https://registry.yarnpkg.com/os-homedir/-/os-homedir-1.0.2.tgz#ffbc4988336e0e833de0c168c7ef152121aa7fb3"

pako@^1.0.10:
  version "1.0.10"
  resolved "https://registry.yarnpkg.com/pako/-/pako-1.0.10.tgz#4328badb5086a426aa90f541977d4955da5c9732"

parse-data-uri@^0.2.0:
  version "0.2.0"
  resolved "https://registry.yarnpkg.com/parse-data-uri/-/parse-data-uri-0.2.0.tgz#bf04d851dd5c87b0ab238e5d01ace494b604b4c9"
  dependencies:
    data-uri-to-buffer "0.0.3"

performance-now@^2.1.0:
  version "2.1.0"
  resolved "https://registry.yarnpkg.com/performance-now/-/performance-now-2.1.0.tgz#6309f4e0e5fa913ec1c69307ae364b4b377c9e7b"

pngjs@^3.3.3:
  version "3.4.0"
  resolved "https://registry.yarnpkg.com/pngjs/-/pngjs-3.4.0.tgz#99ca7d725965fb655814eaf65f38f12bbdbf555f"

polygoat@1.1.4:
  version "1.1.4"
  resolved "https://registry.yarnpkg.com/polygoat/-/polygoat-1.1.4.tgz#329f9a0d1b2d4a45149e2539523c6f7dfd850a5f"

prebuild-install@^5.2.1, prebuild-install@^5.2.4:
  version "5.3.0"
  resolved "https://registry.yarnpkg.com/prebuild-install/-/prebuild-install-5.3.0.tgz#58b4d8344e03590990931ee088dd5401b03004c8"
  dependencies:
    detect-libc "^1.0.3"
    expand-template "^2.0.3"
    github-from-package "0.0.0"
    minimist "^1.2.0"
    mkdirp "^0.5.1"
    napi-build-utils "^1.0.1"
    node-abi "^2.7.0"
    noop-logger "^0.1.1"
    npmlog "^4.0.1"
    os-homedir "^1.0.1"
    pump "^2.0.1"
    rc "^1.2.7"
    simple-get "^2.7.0"
    tar-fs "^1.13.0"
    tunnel-agent "^0.6.0"
    which-pm-runs "^1.0.0"

process-nextick-args@~2.0.0:
  version "2.0.1"
  resolved "https://registry.yarnpkg.com/process-nextick-args/-/process-nextick-args-2.0.1.tgz#7820d9b16120cc55ca9ae7792680ae7dba6d7fe2"

process@^0.11.9:
  version "0.11.10"
  resolved "https://registry.yarnpkg.com/process/-/process-0.11.10.tgz#7332300e840161bda3e69a1d1d91a7d4bc16f182"

psl@^1.1.24:
  version "1.3.0"
  resolved "https://registry.yarnpkg.com/psl/-/psl-1.3.0.tgz#e1ebf6a3b5564fa8376f3da2275da76d875ca1bd"

pump@^1.0.0:
  version "1.0.3"
  resolved "https://registry.yarnpkg.com/pump/-/pump-1.0.3.tgz#5dfe8311c33bbf6fc18261f9f34702c47c08a954"
  dependencies:
    end-of-stream "^1.1.0"
    once "^1.3.1"

pump@^2.0.1:
  version "2.0.1"
  resolved "https://registry.yarnpkg.com/pump/-/pump-2.0.1.tgz#12399add6e4cf7526d973cbc8b5ce2e2908b3909"
  dependencies:
    end-of-stream "^1.1.0"
    once "^1.3.1"

punycode@^1.4.1:
  version "1.4.1"
  resolved "https://registry.yarnpkg.com/punycode/-/punycode-1.4.1.tgz#c0d5a63b2718800ad8e1eb0fa5269c84dd41845e"

punycode@^2.1.0:
  version "2.1.1"
  resolved "https://registry.yarnpkg.com/punycode/-/punycode-2.1.1.tgz#b58b010ac40c22c5657616c8d2c2c02c7bf479ec"

qr-image@*:
  version "3.2.0"
  resolved "https://registry.yarnpkg.com/qr-image/-/qr-image-3.2.0.tgz#9fa8295beae50c4a149cf9f909a1db464a8672e8"

qs@~6.5.2:
  version "6.5.3"
  resolved "https://registry.yarnpkg.com/qs/-/qs-6.5.3.tgz#3aeeffc91967ef6e35c0e488ef46fb296ab76aad"

rc@^1.2.7:
  version "1.2.8"
  resolved "https://registry.yarnpkg.com/rc/-/rc-1.2.8.tgz#cd924bf5200a075b83c188cd6b9e211b7fc0d3ed"
  dependencies:
    deep-extend "^0.6.0"
    ini "~1.3.0"
    minimist "^1.2.0"
    strip-json-comments "~2.0.1"

react-native-tcp@^3.3.1:
  version "3.3.1"
  resolved "https://registry.yarnpkg.com/react-native-tcp/-/react-native-tcp-3.3.1.tgz#dfb35ac48356fa8b707dafe69a971feb0845d88b"
  dependencies:
    base64-js "0.0.8"
    buffer "^5.0.0"
    events "^1.0.2"
    ip-regex "^1.0.3"
    process "^0.11.9"
    util "^0.10.3"

readable-stream@^2.0.6, readable-stream@^2.3.0, readable-stream@^2.3.5:
  version "2.3.6"
  resolved "https://registry.yarnpkg.com/readable-stream/-/readable-stream-2.3.6.tgz#b11c27d88b8ff1fbe070643cf94b0c79ae1b0aaf"
  dependencies:
    core-util-is "~1.0.0"
    inherits "~2.0.3"
    isarray "~1.0.0"
    process-nextick-args "~2.0.0"
    safe-buffer "~5.1.1"
    string_decoder "~1.1.1"
    util-deprecate "~1.0.1"

request@2.88.0, request@^2.44.0:
  version "2.88.0"
  resolved "https://registry.yarnpkg.com/request/-/request-2.88.0.tgz#9c2fca4f7d35b592efe57c7f0a55e81052124fef"
  dependencies:
    aws-sign2 "~0.7.0"
    aws4 "^1.8.0"
    caseless "~0.12.0"
    combined-stream "~1.0.6"
    extend "~3.0.2"
    forever-agent "~0.6.1"
    form-data "~2.3.2"
    har-validator "~5.1.0"
    http-signature "~1.2.0"
    is-typedarray "~1.0.0"
    isstream "~0.1.2"
    json-stringify-safe "~5.0.1"
    mime-types "~2.1.19"
    oauth-sign "~0.9.0"
    performance-now "^2.1.0"
    qs "~6.5.2"
    safe-buffer "^5.1.2"
    tough-cookie "~2.4.3"
    tunnel-agent "^0.6.0"
    uuid "^3.3.2"

robust-orientation@^1.0.2:
  version "1.1.3"
  resolved "https://registry.yarnpkg.com/robust-orientation/-/robust-orientation-1.1.3.tgz#daff5b00d3be4e60722f0e9c0156ef967f1c2049"
  dependencies:
    robust-scale "^1.0.2"
    robust-subtract "^1.0.0"
    robust-sum "^1.0.0"
    two-product "^1.0.2"

robust-point-in-polygon@^1.0.3:
  version "1.0.3"
  resolved "https://registry.yarnpkg.com/robust-point-in-polygon/-/robust-point-in-polygon-1.0.3.tgz#ea68f025a44dfe6aede80f0863788705cf547ec4"
  dependencies:
    robust-orientation "^1.0.2"

robust-scale@^1.0.2:
  version "1.0.2"
  resolved "https://registry.yarnpkg.com/robust-scale/-/robust-scale-1.0.2.tgz#775132ed09542d028e58b2cc79c06290bcf78c32"
  dependencies:
    two-product "^1.0.2"
    two-sum "^1.0.0"

robust-subtract@^1.0.0:
  version "1.0.0"
  resolved "https://registry.yarnpkg.com/robust-subtract/-/robust-subtract-1.0.0.tgz#e0b164e1ed8ba4e3a5dda45a12038348dbed3e9a"

robust-sum@^1.0.0:
  version "1.0.0"
  resolved "https://registry.yarnpkg.com/robust-sum/-/robust-sum-1.0.0.tgz#16646e525292b4d25d82757a286955e0bbfa53d9"

safe-buffer@^5.0.1, safe-buffer@^5.1.1, safe-buffer@^5.1.2:
  version "5.2.0"
  resolved "https://registry.yarnpkg.com/safe-buffer/-/safe-buffer-5.2.0.tgz#b74daec49b1148f88c64b68d49b1e815c1f2f519"

safe-buffer@~5.1.0, safe-buffer@~5.1.1:
  version "5.1.2"
  resolved "https://registry.yarnpkg.com/safe-buffer/-/safe-buffer-5.1.2.tgz#991ec69d296e0313747d59bdfd2b745c35f8828d"

"safer-buffer@>= 2.1.2 < 3", safer-buffer@^2.0.2, safer-buffer@^2.1.0, safer-buffer@~2.1.0:
  version "2.1.2"
  resolved "https://registry.yarnpkg.com/safer-buffer/-/safer-buffer-2.1.2.tgz#44fa161b0187b9549dd84bb91802f9bd8385cd6a"

semver@^5.4.1:
  version "5.7.1"
  resolved "https://registry.yarnpkg.com/semver/-/semver-5.7.1.tgz#a954f931aeba508d307bbf069eff0c01c96116f7"

serialport@*:
  version "7.1.5"
  resolved "https://registry.yarnpkg.com/serialport/-/serialport-7.1.5.tgz#3395e3cc33c6584731ccce62aaa82b0f6b7e0077"
  dependencies:
    "@serialport/binding-mock" "^2.0.5"
    "@serialport/bindings" "^2.0.8"
    "@serialport/parser-byte-length" "^2.0.2"
    "@serialport/parser-cctalk" "^2.0.2"
    "@serialport/parser-delimiter" "^2.0.2"
    "@serialport/parser-readline" "^2.0.2"
    "@serialport/parser-ready" "^2.0.2"
    "@serialport/parser-regex" "^2.0.2"
    "@serialport/stream" "^2.0.5"
    debug "^4.1.1"

set-blocking@~2.0.0:
  version "2.0.0"
  resolved "https://registry.yarnpkg.com/set-blocking/-/set-blocking-2.0.0.tgz#045f9782d011ae9a6803ddd382b24392b3d890f7"

signal-exit@^3.0.0:
  version "3.0.2"
  resolved "https://registry.yarnpkg.com/signal-exit/-/signal-exit-3.0.2.tgz#b5fdc08f1287ea1178628e415e25132b73646c6d"

simple-concat@^1.0.0:
  version "1.0.0"
  resolved "https://registry.yarnpkg.com/simple-concat/-/simple-concat-1.0.0.tgz#7344cbb8b6e26fb27d66b2fc86f9f6d5997521c6"

simple-get@^2.7.0:
  version "2.8.1"
  resolved "https://registry.yarnpkg.com/simple-get/-/simple-get-2.8.1.tgz#0e22e91d4575d87620620bc91308d57a77f44b5d"
  dependencies:
    decompress-response "^3.3.0"
    once "^1.3.1"
    simple-concat "^1.0.0"

sshpk@^1.7.0:
  version "1.16.1"
  resolved "https://registry.yarnpkg.com/sshpk/-/sshpk-1.16.1.tgz#fb661c0bef29b39db40769ee39fa70093d6f6877"
  dependencies:
    asn1 "~0.2.3"
    assert-plus "^1.0.0"
    bcrypt-pbkdf "^1.0.0"
    dashdash "^1.12.0"
    ecc-jsbn "~0.1.1"
    getpass "^0.1.1"
    jsbn "~0.1.0"
    safer-buffer "^2.0.2"
    tweetnacl "~0.14.0"

string-width@^1.0.1:
  version "1.0.2"
  resolved "https://registry.yarnpkg.com/string-width/-/string-width-1.0.2.tgz#118bdf5b8cdc51a2a7e70d211e07e2b0b9b107d3"
  dependencies:
    code-point-at "^1.0.0"
    is-fullwidth-code-point "^1.0.0"
    strip-ansi "^3.0.0"

"string-width@^1.0.2 || 2":
  version "2.1.1"
  resolved "https://registry.yarnpkg.com/string-width/-/string-width-2.1.1.tgz#ab93f27a8dc13d28cac815c462143a6d9012ae9e"
  dependencies:
    is-fullwidth-code-point "^2.0.0"
    strip-ansi "^4.0.0"

string_decoder@~1.1.1:
  version "1.1.1"
  resolved "https://registry.yarnpkg.com/string_decoder/-/string_decoder-1.1.1.tgz#9cf1611ba62685d7030ae9e4ba34149c3af03fc8"
  dependencies:
    safe-buffer "~5.1.0"

strip-ansi@^3.0.0, strip-ansi@^3.0.1:
  version "3.0.1"
  resolved "https://registry.yarnpkg.com/strip-ansi/-/strip-ansi-3.0.1.tgz#6a385fb8853d952d5ff05d0e8aaf94278dc63dcf"
  dependencies:
    ansi-regex "^2.0.0"

strip-ansi@^4.0.0:
  version "4.0.0"
  resolved "https://registry.yarnpkg.com/strip-ansi/-/strip-ansi-4.0.0.tgz#a8479022eb1ac368a871389b635262c505ee368f"
  dependencies:
    ansi-regex "^3.0.0"

strip-json-comments@~2.0.1:
  version "2.0.1"
  resolved "https://registry.yarnpkg.com/strip-json-comments/-/strip-json-comments-2.0.1.tgz#3c531942e908c2697c0ec344858c286c7ca0a60a"

tar-fs@^1.13.0:
  version "1.16.3"
  resolved "https://registry.yarnpkg.com/tar-fs/-/tar-fs-1.16.3.tgz#966a628841da2c4010406a82167cbd5e0c72d509"
  dependencies:
    chownr "^1.0.1"
    mkdirp "^0.5.1"
    pump "^1.0.0"
    tar-stream "^1.1.2"

tar-stream@^1.1.2:
  version "1.6.2"
  resolved "https://registry.yarnpkg.com/tar-stream/-/tar-stream-1.6.2.tgz#8ea55dab37972253d9a9af90fdcd559ae435c555"
  dependencies:
    bl "^1.0.0"
    buffer-alloc "^1.2.0"
    end-of-stream "^1.0.0"
    fs-constants "^1.0.0"
    readable-stream "^2.3.0"
    to-buffer "^1.1.1"
    xtend "^4.0.0"

through@^2.3.4:
  version "2.3.8"
  resolved "https://registry.yarnpkg.com/through/-/through-2.3.8.tgz#0dd4c9ffaabc357960b1b724115d7e0e86a2e1f5"

tiff@^2.0.0:
  version "2.1.0"
  resolved "https://registry.yarnpkg.com/tiff/-/tiff-2.1.0.tgz#b3f41c519bd66835267f14cb31a04acb1f7860ca"
  dependencies:
    iobuffer "^2.1.0"

tiff@^3.0.1:
  version "3.0.1"
  resolved "https://registry.yarnpkg.com/tiff/-/tiff-3.0.1.tgz#8566d793ea4677072c48893eba2bfd0f373e47da"
  dependencies:
    iobuffer "^4.0.0"

to-buffer@^1.1.1:
  version "1.1.1"
  resolved "https://registry.yarnpkg.com/to-buffer/-/to-buffer-1.1.1.tgz#493bd48f62d7c43fcded313a03dcadb2e1213a80"

tough-cookie@~2.4.3:
  version "2.4.3"
  resolved "https://registry.yarnpkg.com/tough-cookie/-/tough-cookie-2.4.3.tgz#53f36da3f47783b0925afa06ff9f3b165280f781"
  dependencies:
    psl "^1.1.24"
    punycode "^1.4.1"

tunnel-agent@^0.6.0:
  version "0.6.0"
  resolved "https://registry.yarnpkg.com/tunnel-agent/-/tunnel-agent-0.6.0.tgz#27a5dea06b36b04a0a9966774b290868f0fc40fd"
  dependencies:
    safe-buffer "^5.0.1"

tweetnacl@^0.14.3, tweetnacl@~0.14.0:
  version "0.14.5"
  resolved "https://registry.yarnpkg.com/tweetnacl/-/tweetnacl-0.14.5.tgz#5ae68177f192d4456269d108afa93ff8743f4f64"

two-product@^1.0.2:
  version "1.0.2"
  resolved "https://registry.yarnpkg.com/two-product/-/two-product-1.0.2.tgz#67d95d4b257a921e2cb4bd7af9511f9088522eaa"

two-sum@^1.0.0:
  version "1.0.0"
  resolved "https://registry.yarnpkg.com/two-sum/-/two-sum-1.0.0.tgz#31d3f32239e4f731eca9df9155e2b297f008ab64"

uniq@^1.0.0:
  version "1.0.1"
  resolved "https://registry.yarnpkg.com/uniq/-/uniq-1.0.1.tgz#b31c5ae8254844a3a8281541ce2b04b865a734ff"

uri-js@^4.2.2:
  version "4.2.2"
  resolved "https://registry.yarnpkg.com/uri-js/-/uri-js-4.2.2.tgz#94c540e1ff772956e2299507c010aea6c8838eb0"
  dependencies:
    punycode "^2.1.0"

usb@*:
  version "1.6.0"
  resolved "https://registry.yarnpkg.com/usb/-/usb-1.6.0.tgz#bc5d4decf4ffca32d1136717edcf73366137a789"
  dependencies:
    bindings "^1.4.0"
    nan "2.13.2"
    prebuild-install "^5.2.4"

utf8@^2.1.2:
  version "2.1.2"
  resolved "https://registry.yarnpkg.com/utf8/-/utf8-2.1.2.tgz#1fa0d9270e9be850d9b05027f63519bf46457d96"

utf8@^3.0.0:
  version "3.0.0"
  resolved "https://registry.yarnpkg.com/utf8/-/utf8-3.0.0.tgz#f052eed1364d696e769ef058b183df88c87f69d1"

util-deprecate@~1.0.1:
  version "1.0.2"
  resolved "https://registry.yarnpkg.com/util-deprecate/-/util-deprecate-1.0.2.tgz#450d4dc9fa70de732762fbd2d4a28981419a0ccf"

util@^0.10.3:
  version "0.10.4"
  resolved "https://registry.yarnpkg.com/util/-/util-0.10.4.tgz#3aa0125bfe668a4672de58857d3ace27ecb76901"
  dependencies:
    inherits "2.0.3"

uuid@^3.3.2:
  version "3.3.3"
  resolved "https://registry.yarnpkg.com/uuid/-/uuid-3.3.3.tgz#4568f0216e78760ee1dbf3a4d2cf53e224112866"

verror@1.10.0:
  version "1.10.0"
  resolved "https://registry.yarnpkg.com/verror/-/verror-1.10.0.tgz#3a105ca17053af55d6e270c1f8288682e18da400"
  dependencies:
    assert-plus "^1.0.0"
    core-util-is "1.0.2"
    extsprintf "^1.2.0"

web-worker-manager@^0.2.0:
  version "0.2.0"
  resolved "https://registry.yarnpkg.com/web-worker-manager/-/web-worker-manager-0.2.0.tgz#e1bce423c640b76c409731f9de950bb1b9266521"

which-pm-runs@^1.0.0:
  version "1.0.0"
  resolved "https://registry.yarnpkg.com/which-pm-runs/-/which-pm-runs-1.0.0.tgz#670b3afbc552e0b55df6b7780ca74615f23ad1cb"

wide-align@^1.1.0:
  version "1.1.3"
  resolved "https://registry.yarnpkg.com/wide-align/-/wide-align-1.1.3.tgz#ae074e6bdc0c14a431e804e624549c633b000457"
  dependencies:
    string-width "^1.0.2 || 2"

wrappy@1:
  version "1.0.2"
  resolved "https://registry.yarnpkg.com/wrappy/-/wrappy-1.0.2.tgz#b5243d8f3ec1aa35f1364605bc0d1036e30ab69f"

xtend@^4.0.0:
  version "4.0.2"
  resolved "https://registry.yarnpkg.com/xtend/-/xtend-4.0.2.tgz#bb72779f5fa465186b1f438f674fa347fdb5db54"
